schema: '2.0'
stages:
  prepare:
    cmd: python src/data/make_dataset.py data/raw/UCI_Credit_Card.csv 
      data/processed
    deps:
    - path: data/raw/UCI_Credit_Card.csv
      hash: md5
      md5: 940b416bb13a9b24bb5c9e1589284005
      size: 2862995
    - path: src/data/make_dataset.py
      hash: md5
      md5: 3f40b8a56c33dec79fe3353f4de46582
      size: 2029
    outs:
    - path: data/processed/summary_base.json
      hash: md5
      md5: 0840495a1d6b233647ff8ec03544c65a
      size: 197
    - path: data/processed/test_base.csv
      hash: md5
      md5: 2af10de758f5901311ab8285527720a5
      size: 708701
    - path: data/processed/train_base.csv
      hash: md5
      md5: 4c72eb1cf42f8fb435389f9bf1fb0be2
      size: 2831503
  features:
    cmd: python src/features/build_features.py data/processed
    deps:
    - path: data/processed/test_base.csv
      hash: md5
      md5: 2af10de758f5901311ab8285527720a5
      size: 708701
    - path: data/processed/train_base.csv
      hash: md5
      md5: 4c72eb1cf42f8fb435389f9bf1fb0be2
      size: 2831503
    - path: src/features/build_features.py
      hash: md5
      md5: 4e5f08457dee75f60122ac8c070d026b
      size: 1432
    outs:
    - path: data/processed/summary.json
      hash: md5
      md5: e8a4d95e3a3d7020cdad8c10493f4e4b
      size: 197
    - path: data/processed/test.csv
      hash: md5
      md5: c609d877b828e6fa4d444b169976c016
      size: 895644
    - path: data/processed/train.csv
      hash: md5
      md5: 4159b0a9f5e3fd92cdf83bd80a1f50ee
      size: 3578428
  train:
    cmd: python src/models/train.py --proc_dir data/processed --model_path 
      models/credit_default_model.pkl --metrics_path metrics.json --roc_path 
      artifacts/roc.png
    deps:
    - path: data/processed/test.csv
      hash: md5
      md5: c609d877b828e6fa4d444b169976c016
      size: 895644
    - path: data/processed/train.csv
      hash: md5
      md5: 4159b0a9f5e3fd92cdf83bd80a1f50ee
      size: 3578428
    - path: src/models/train.py
      hash: md5
      md5: 0bda6956db5e830c119a0207725e382c
      size: 3213
    outs:
    - path: artifacts/roc.png
      hash: md5
      md5: ca77981e9cb58fc5fc08667b3a273589
      size: 24985
    - path: metrics.json
      hash: md5
      md5: 520106fd309ac6ec7f4cdf18c8e86c91
      size: 171
    - path: models/credit_default_model.pkl
      hash: md5
      md5: de46fa3c85a1d198a4521a4fe40cfdf1
      size: 316125
